
Microsoft Visual Studio Solution File, Format Version 12.00
# Visual Studio Version 16
VisualStudioVersion = 16.0.31112.23
MinimumVisualStudioVersion = 10.0.40219.1
Project("{FAE04EC0-301F-11D3-BF4B-00C04F79EFBC}") = "MovieFav.Android", "MovieFav\MovieFav.Android\MovieFav.Android.csproj", "{C6521BB9-58EC-437A-AD7A-ED64892A56DA}"
EndProject
Project("{FAE04EC0-301F-11D3-BF4B-00C04F79EFBC}") = "MovieFav.iOS", "MovieFav\MovieFav.iOS\MovieFav.iOS.csproj", "{56BA8172-E25F-4647-9A1A-F572B41A8641}"
EndProject
Project("{9A19103F-16F7-4668-BE54-9A1E7A4F7556}") = "MovieFav", "MovieFav\MovieFav\MovieFav.csproj", "{32843A31-F2EE-47A4-A344-38979A0A1C53}"
EndProject
Global
	GlobalSection(SolutionConfigurationPlatforms) = preSolution
		Debug|Any CPU = Debug|Any CPU
		Debug|iPhone = Debug|iPhone
		Debug|iPhoneSimulator = Debug|iPhoneSimulator
		Release|Any CPU = Release|Any CPU
		Release|iPhone = Release|iPhone
		Release|iPhoneSimulator = Release|iPhoneSimulator
	EndGlobalSection
	GlobalSection(ProjectConfigurationPlatforms) = postSolution
		{C6521BB9-58EC-437A-AD7A-ED64892A56DA}.Debug|Any CPU.ActiveCfg = Debug|Any CPU
		{C6521BB9-58EC-437A-AD7A-ED64892A56DA}.Debug|Any CPU.Build.0 = Debug|Any CPU
		{C6521BB9-58EC-437A-AD7A-ED64892A56DA}.Debug|Any CPU.Deploy.0 = Debug|Any CPU
		{C6521BB9-58EC-437A-AD7A-ED64892A56DA}.Debug|iPhone.ActiveCfg = Debug|Any CPU
		{C6521BB9-58EC-437A-AD7A-ED64892A56DA}.Debug|iPhone.Build.0 = Debug|Any CPU
		{C6521BB9-58EC-437A-AD7A-ED64892A56DA}.Debug|iPhone.Deploy.0 = Debug|Any CPU
		{C6521BB9-58EC-437A-AD7A-ED64892A56DA}.Debug|iPhoneSimulator.ActiveCfg = Debug|Any CPU
		{C6521BB9-58EC-437A-AD7A-ED64892A56DA}.Debug|iPhoneSimulator.Build.0 = Debug|Any CPU
		{C6521BB9-58EC-437A-AD7A-ED64892A56DA}.Debug|iPhoneSimulator.Deploy.0 = Debug|Any CPU
		{C6521BB9-58EC-437A-AD7A-ED64892A56DA}.Release|Any CPU.ActiveCfg = Release|Any CPU
		{C6521BB9-58EC-437A-AD7A-ED64892A56DA}.Release|Any CPU.Build.0 = Release|Any CPU
		{C6521BB9-58EC-437A-AD7A-ED64892A56DA}.Release|Any CPU.Deploy.0 = Release|Any CPU
		{C6521BB9-58EC-437A-AD7A-ED64892A56DA}.Release|iPhone.ActiveCfg = Release|Any CPU
		{C6521BB9-58EC-437A-AD7A-ED64892A56DA}.Release|iPhone.Build.0 = Release|Any CPU
		{C6521BB9-58EC-437A-AD7A-ED64892A56DA}.Release|iPhone.Deploy.0 = Release|Any CPU
		{C6521BB9-58EC-437A-AD7A-ED64892A56DA}.Release|iPhoneSimulator.ActiveCfg = Release|Any CPU
		{C6521BB9-58EC-437A-AD7A-ED64892A56DA}.Release|iPhoneSimulator.Build.0 = Release|Any CPU
		{C6521BB9-58EC-437A-AD7A-ED64892A56DA}.Release|iPhoneSimulator.Deploy.0 = Release|Any CPU
		{56BA8172-E25F-4647-9A1A-F572B41A8641}.Debug|Any CPU.ActiveCfg = Debug|iPhone
		{56BA8172-E25F-4647-9A1A-F572B41A8641}.Debug|Any CPU.Build.0 = Debug|iPhone
		{56BA8172-E25F-4647-9A1A-F572B41A8641}.Debug|Any CPU.Deploy.0 = Debug|iPhone
		{56BA8172-E25F-4647-9A1A-F572B41A8641}.Debug|iPhone.ActiveCfg = Debug|iPhone
		{56BA8172-E25F-4647-9A1A-F572B41A8641}.Debug|iPhone.Build.0 = Debug|iPhone
		{56BA8172-E25F-4647-9A1A-F572B41A8641}.Debug|iPhone.Deploy.0 = Debug|iPhone
		{56BA8172-E25F-4647-9A1A-F572B41A8641}.Debug|iPhoneSimulator.ActiveCfg = Debug|iPhoneSimulator
		{56BA8172-E25F-4647-9A1A-F572B41A8641}.Debug|iPhoneSimulator.Build.0 = Debug|iPhoneSimulator
		{56BA8172-E25F-4647-9A1A-F572B41A8641}.Debug|iPhoneSimulator.Deploy.0 = Debug|iPhoneSimulator
		{56BA8172-E25F-4647-9A1A-F572B41A8641}.Release|Any CPU.ActiveCfg = Release|iPhoneSimulator
		{56BA8172-E25F-4647-9A1A-F572B41A8641}.Release|Any CPU.Build.0 = Release|iPhoneSimulator
		{56BA8172-E25F-4647-9A1A-F572B41A8641}.Release|Any CPU.Deploy.0 = Release|iPhoneSimulator
		{56BA8172-E25F-4647-9A1A-F572B41A8641}.Release|iPhone.ActiveCfg = Release|iPhone
		{56BA8172-E25F-4647-9A1A-F572B41A8641}.Release|iPhone.Build.0 = Release|iPhone
		{56BA8172-E25F-4647-9A1A-F572B41A8641}.Release|iPhone.Deploy.0 = Release|iPhone
		{56BA8172-E25F-4647-9A1A-F572B41A8641}.Release|iPhoneSimulator.ActiveCfg = Release|iPhoneSimulator
		{56BA8172-E25F-4647-9A1A-F572B41A8641}.Release|iPhoneSimulator.Build.0 = Release|iPhoneSimulator
		{56BA8172-E25F-4647-9A1A-F572B41A8641}.Release|iPhoneSimulator.Deploy.0 = Release|iPhoneSimulator
		{32843A31-F2EE-47A4-A344-38979A0A1C53}.Debug|Any CPU.ActiveCfg = Debug|Any CPU
		{32843A31-F2EE-47A4-A344-38979A0A1C53}.Debug|Any CPU.Build.0 = Debug|Any CPU
		{32843A31-F2EE-47A4-A344-38979A0A1C53}.Debug|Any CPU.Deploy.0 = Debug|Any CPU
		{32843A31-F2EE-47A4-A344-38979A0A1C53}.Debug|iPhone.ActiveCfg = Debug|Any CPU
		{32843A31-F2EE-47A4-A344-38979A0A1C53}.Debug|iPhone.Build.0 = Debug|Any CPU
		{32843A31-F2EE-47A4-A344-38979A0A1C53}.Debug|iPhone.Deploy.0 = Debug|Any CPU
		{32843A31-F2EE-47A4-A344-38979A0A1C53}.Debug|iPhoneSimulator.ActiveCfg = Debug|Any CPU
		{32843A31-F2EE-47A4-A344-38979A0A1C53}.Debug|iPhoneSimulator.Build.0 = Debug|Any CPU
		{32843A31-F2EE-47A4-A344-38979A0A1C53}.Debug|iPhoneSimulator.Deploy.0 = Debug|Any CPU
		{32843A31-F2EE-47A4-A344-38979A0A1C53}.Release|Any CPU.ActiveCfg = Release|Any CPU
		{32843A31-F2EE-47A4-A344-38979A0A1C53}.Release|Any CPU.Build.0 = Release|Any CPU
		{32843A31-F2EE-47A4-A344-38979A0A1C53}.Release|Any CPU.Deploy.0 = Release|Any CPU
		{32843A31-F2EE-47A4-A344-38979A0A1C53}.Release|iPhone.ActiveCfg = Release|Any CPU
		{32843A31-F2EE-47A4-A344-38979A0A1C53}.Release|iPhone.Build.0 = Release|Any CPU
		{32843A31-F2EE-47A4-A344-38979A0A1C53}.Release|iPhone.Deploy.0 = Release|Any CPU
		{32843A31-F2EE-47A4-A344-38979A0A1C53}.Release|iPhoneSimulator.ActiveCfg = Release|Any CPU
		{32843A31-F2EE-47A4-A344-38979A0A1C53}.Release|iPhoneSimulator.Build.0 = Release|Any CPU
		{32843A31-F2EE-47A4-A344-38979A0A1C53}.Release|iPhoneSimulator.Deploy.0 = Release|Any CPU
	EndGlobalSection
	GlobalSection(SolutionProperties) = preSolution
		HideSolutionNode = FALSE
	EndGlobalSection
	GlobalSection(ExtensibilityGlobals) = postSolution
		SolutionGuid = {FC1ADC13-4336-4FF3-B3B1-0B915F14DF8E}
	EndGlobalSection
EndGlobal
